// !$*UTF8*$!
{
	archiveVersion = 1;
	classes = {
	};
	objectVersion = 46;
	objects = {

/* Begin PBXBuildFile section */
		992F4F151EDE63AF00F9E245 /* main.m in Sources */ = {isa = PBXBuildFile; fileRef = 992F4F141EDE63AF00F9E245 /* main.m */; };
		992F4F181EDE63AF00F9E245 /* AppDelegate.m in Sources */ = {isa = PBXBuildFile; fileRef = 992F4F171EDE63AF00F9E245 /* AppDelegate.m */; };
		992F4F1B1EDE63AF00F9E245 /* ViewController.m in Sources */ = {isa = PBXBuildFile; fileRef = 992F4F1A1EDE63AF00F9E245 /* ViewController.m */; };
		992F4F1E1EDE63AF00F9E245 /* Main.storyboard in Resources */ = {isa = PBXBuildFile; fileRef = 992F4F1C1EDE63AF00F9E245 /* Main.storyboard */; };
		992F4F201EDE63AF00F9E245 /* Assets.xcassets in Resources */ = {isa = PBXBuildFile; fileRef = 992F4F1F1EDE63AF00F9E245 /* Assets.xcassets */; };
		992F4F231EDE63AF00F9E245 /* LaunchScreen.storyboard in Resources */ = {isa = PBXBuildFile; fileRef = 992F4F211EDE63AF00F9E245 /* LaunchScreen.storyboard */; };
		992F4F2E1EDE63AF00F9E245 /* GDQ01Tests.m in Sources */ = {isa = PBXBuildFile; fileRef = 992F4F2D1EDE63AF00F9E245 /* GDQ01Tests.m */; };
		992F4F391EDE63AF00F9E245 /* GDQ01UITests.m in Sources */ = {isa = PBXBuildFile; fileRef = 992F4F381EDE63AF00F9E245 /* GDQ01UITests.m */; };
/* End PBXBuildFile section */

/* Begin PBXContainerItemProxy section */
		992F4F2A1EDE63AF00F9E245 /* PBXContainerItemProxy */ = {
			isa = PBXContainerItemProxy;
			containerPortal = 992F4F081EDE63AF00F9E245 /* Project object */;
			proxyType = 1;
			remoteGlobalIDString = 992F4F0F1EDE63AF00F9E245;
			remoteInfo = GDQ01;
		};
		992F4F351EDE63AF00F9E245 /* PBXContainerItemProxy */ = {
			isa = PBXContainerItemProxy;
			containerPortal = 992F4F081EDE63AF00F9E245 /* Project object */;
			proxyType = 1;
			remoteGlobalIDString = 992F4F0F1EDE63AF00F9E245;
			remoteInfo = GDQ01;
		};
/* End PBXContainerItemProxy section */

/* Begin PBXFileReference section */
		992F4F101EDE63AF00F9E245 /* GDQ01.app */ = {isa = PBXFileReference; explicitFileType = wrapper.application; includeInIndex = 0; path = GDQ01.app; sourceTree = BUILT_PRODUCTS_DIR; };
		992F4F141EDE63AF00F9E245 /* main.m */ = {isa = PBXFileReference; lastKnownFileType = sourcecode.c.objc; path = main.m; sourceTree = "<group>"; };
		992F4F161EDE63AF00F9E245 /* AppDelegate.h */ = {isa = PBXFileReference; lastKnownFileType = sourcecode.c.h; path = AppDelegate.h; sourceTree = "<group>"; };
		992F4F171EDE63AF00F9E245 /* AppDelegate.m */ = {isa = PBXFileReference; lastKnownFileType = sourcecode.c.objc; path = AppDelegate.m; sourceTree = "<group>"; };
		992F4F191EDE63AF00F9E245 /* ViewController.h */ = {isa = PBXFileReference; lastKnownFileType = sourcecode.c.h; path = ViewController.h; sourceTree = "<group>"; };
		992F4F1A1EDE63AF00F9E245 /* ViewController.m */ = {isa = PBXFileReference; lastKnownFileType = sourcecode.c.objc; path = ViewController.m; sourceTree = "<group>"; };
		992F4F1D1EDE63AF00F9E245 /* Base */ = {isa = PBXFileReference; lastKnownFileType = file.storyboard; name = Base; path = Base.lproj/Main.storyboard; sourceTree = "<group>"; };
		992F4F1F1EDE63AF00F9E245 /* Assets.xcassets */ = {isa = PBXFileReference; lastKnownFileType = folder.assetcatalog; path = Assets.xcassets; sourceTree = "<group>"; };
		992F4F221EDE63AF00F9E245 /* Base */ = {isa = PBXFileReference; lastKnownFileType = file.storyboard; name = Base; path = Base.lproj/LaunchScreen.storyboard; sourceTree = "<group>"; };
		992F4F241EDE63AF00F9E245 /* Info.plist */ = {isa = PBXFileReference; lastKnownFileType = text.plist.xml; path = Info.plist; sourceTree = "<group>"; };
		992F4F291EDE63AF00F9E245 /* GDQ01Tests.xctest */ = {isa = PBXFileReference; explicitFileType = wrapper.cfbundle; includeInIndex = 0; path = GDQ01Tests.xctest; sourceTree = BUILT_PRODUCTS_DIR; };
		992F4F2D1EDE63AF00F9E245 /* GDQ01Tests.m */ = {isa = PBXFileReference; lastKnownFileType = sourcecode.c.objc; path = GDQ01Tests.m; sourceTree = "<group>"; };
		992F4F2F1EDE63AF00F9E245 /* Info.plist */ = {isa = PBXFileReference; lastKnownFileType = text.plist.xml; path = Info.plist; sourceTree = "<group>"; };
		992F4F341EDE63AF00F9E245 /* GDQ01UITests.xctest */ = {isa = PBXFileReference; explicitFileType = wrapper.cfbundle; includeInIndex = 0; path = GDQ01UITests.xctest; sourceTree = BUILT_PRODUCTS_DIR; };
		992F4F381EDE63AF00F9E245 /* GDQ01UITests.m */ = {isa = PBXFileReference; lastKnownFileType = sourcecode.c.objc; path = GDQ01UITests.m; sourceTree = "<group>"; };
		992F4F3A1EDE63AF00F9E245 /* Info.plist */ = {isa = PBXFileReference; lastKnownFileType = text.plist.xml; path = Info.plist; sourceTree = "<group>"; };
/* End PBXFileReference section */

/* Begin PBXFrameworksBuildPhase section */
		992F4F0D1EDE63AF00F9E245 /* Frameworks */ = {
			isa = PBXFrameworksBuildPhase;
			buildActionMask = 2147483647;
			files = (
			);
			runOnlyForDeploymentPostprocessing = 0;
		};
		992F4F261EDE63AF00F9E245 /* Frameworks */ = {
			isa = PBXFrameworksBuildPhase;
			buildActionMask = 2147483647;
			files = (
			);
			runOnlyForDeploymentPostprocessing = 0;
		};
		992F4F311EDE63AF00F9E245 /* Frameworks */ = {
			isa = PBXFrameworksBuildPhase;
			buildActionMask = 2147483647;
			files = (
			);
			runOnlyForDeploymentPostprocessing = 0;
		};
/* End PBXFrameworksBuildPhase section */

/* Begin PBXGroup section */
		992F4F071EDE63AF00F9E245 = {
			isa = PBXGroup;
			children = (
				992F4F121EDE63AF00F9E245 /* GDQ01 */,
				992F4F2C1EDE63AF00F9E245 /* GDQ01Tests */,
				992F4F371EDE63AF00F9E245 /* GDQ01UITests */,
				992F4F111EDE63AF00F9E245 /* Products */,
			);
			sourceTree = "<group>";
		};
		992F4F111EDE63AF00F9E245 /* Products */ = {
			isa = PBXGroup;
			children = (
				992F4F101EDE63AF00F9E245 /* GDQ01.app */,
				992F4F291EDE63AF00F9E245 /* GDQ01Tests.xctest */,
				992F4F341EDE63AF00F9E245 /* GDQ01UITests.xctest */,
			);
			name = Products;
			sourceTree = "<group>";
		};
		992F4F121EDE63AF00F9E245 /* GDQ01 */ = {
			isa = PBXGroup;
			children = (
				992F4F161EDE63AF00F9E245 /* AppDelegate.h */,
				992F4F171EDE63AF00F9E245 /* AppDelegate.m */,
				992F4F191EDE63AF00F9E245 /* ViewController.h */,
				992F4F1A1EDE63AF00F9E245 /* ViewController.m */,
				992F4F1C1EDE63AF00F9E245 /* Main.storyboard */,
				992F4F1F1EDE63AF00F9E245 /* Assets.xcassets */,
				992F4F211EDE63AF00F9E245 /* LaunchScreen.storyboard */,
				992F4F241EDE63AF00F9E245 /* Info.plist */,
				992F4F131EDE63AF00F9E245 /* Supporting Files */,
			);
			path = GDQ01;
			sourceTree = "<group>";
		};
		992F4F131EDE63AF00F9E245 /* Supporting Files */ = {
			isa = PBXGroup;
			children = (
				992F4F141EDE63AF00F9E245 /* main.m */,
			);
			name = "Supporting Files";
			sourceTree = "<group>";
		};
		992F4F2C1EDE63AF00F9E245 /* GDQ01Tests */ = {
			isa = PBXGroup;
			children = (
				992F4F2D1EDE63AF00F9E245 /* GDQ01Tests.m */,
				992F4F2F1EDE63AF00F9E245 /* Info.plist */,
			);
			path = GDQ01Tests;
			sourceTree = "<group>";
		};
		992F4F371EDE63AF00F9E245 /* GDQ01UITests */ = {
			isa = PBXGroup;
			children = (
				992F4F381EDE63AF00F9E245 /* GDQ01UITests.m */,
				992F4F3A1EDE63AF00F9E245 /* Info.plist */,
			);
			path = GDQ01UITests;
			sourceTree = "<group>";
		};
/* End PBXGroup section */

/* Begin PBXNativeTarget section */
		992F4F0F1EDE63AF00F9E245 /* GDQ01 */ = {
			isa = PBXNativeTarget;
			buildConfigurationList = 992F4F3D1EDE63AF00F9E245 /* Build configuration list for PBXNativeTarget "GDQ01" */;
			buildPhases = (
				992F4F0C1EDE63AF00F9E245 /* Sources */,
				992F4F0D1EDE63AF00F9E245 /* Frameworks */,
				992F4F0E1EDE63AF00F9E245 /* Resources */,
			);
			buildRules = (
			);
			dependencies = (
			);
			name = GDQ01;
			productName = GDQ01;
			productReference = 992F4F101EDE63AF00F9E245 /* GDQ01.app */;
			productType = "com.apple.product-type.application";
		};
		992F4F281EDE63AF00F9E245 /* GDQ01Tests */ = {
			isa = PBXNativeTarget;
			buildConfigurationList = 992F4F401EDE63AF00F9E245 /* Build configuration list for PBXNativeTarget "GDQ01Tests" */;
			buildPhases = (
				992F4F251EDE63AF00F9E245 /* Sources */,
				992F4F261EDE63AF00F9E245 /* Frameworks */,
				992F4F271EDE63AF00F9E245 /* Resources */,
			);
			buildRules = (
			);
			dependencies = (
				992F4F2B1EDE63AF00F9E245 /* PBXTargetDependency */,
			);
			name = GDQ01Tests;
			productName = GDQ01Tests;
			productReference = 992F4F291EDE63AF00F9E245 /* GDQ01Tests.xctest */;
			productType = "com.apple.product-type.bundle.unit-test";
		};
		992F4F331EDE63AF00F9E245 /* GDQ01UITests */ = {
			isa = PBXNativeTarget;
			buildConfigurationList = 992F4F431EDE63AF00F9E245 /* Build configuration list for PBXNativeTarget "GDQ01UITests" */;
			buildPhases = (
				992F4F301EDE63AF00F9E245 /* Sources */,
				992F4F311EDE63AF00F9E245 /* Frameworks */,
				992F4F321EDE63AF00F9E245 /* Resources */,
			);
			buildRules = (
			);
			dependencies = (
				992F4F361EDE63AF00F9E245 /* PBXTargetDependency */,
			);
			name = GDQ01UITests;
			productName = GDQ01UITests;
			productReference = 992F4F341EDE63AF00F9E245 /* GDQ01UITests.xctest */;
			productType = "com.apple.product-type.bundle.ui-testing";
		};
/* End PBXNativeTarget section */

/* Begin PBXProject section */
		992F4F081EDE63AF00F9E245 /* Project object */ = {
			isa = PBXProject;
			attributes = {
				LastUpgradeCheck = 0820;
				ORGANIZATIONNAME = hehe;
				TargetAttributes = {
					992F4F0F1EDE63AF00F9E245 = {
						CreatedOnToolsVersion = 8.2.1;
						ProvisioningStyle = Automatic;
					};
					992F4F281EDE63AF00F9E245 = {
						CreatedOnToolsVersion = 8.2.1;
						ProvisioningStyle = Automatic;
						TestTargetID = 992F4F0F1EDE63AF00F9E245;
					};
					992F4F331EDE63AF00F9E245 = {
						CreatedOnToolsVersion = 8.2.1;
						ProvisioningStyle = Automatic;
						TestTargetID = 992F4F0F1EDE63AF00F9E245;
					};
				};
			};
			buildConfigurationList = 992F4F0B1EDE63AF00F9E245 /* Build configuration list for PBXProject "GDQ01" */;
			compatibilityVersion = "Xcode 3.2";
			developmentRegion = English;
			hasScannedForEncodings = 0;
			knownRegions = (
				en,
				Base,
			);
			mainGroup = 992F4F071EDE63AF00F9E245;
			productRefGroup = 992F4F111EDE63AF00F9E245 /* Products */;
			projectDirPath = "";
			projectRoot = "";
			targets = (
				992F4F0F1EDE63AF00F9E245 /* GDQ01 */,
				992F4F281EDE63AF00F9E245 /* GDQ01Tests */,
				992F4F331EDE63AF00F9E245 /* GDQ01UITests */,
			);
		};
/* End PBXProject section */

/* Begin PBXResourcesBuildPhase section */
		992F4F0E1EDE63AF00F9E245 /* Resources */ = {
			isa = PBXResourcesBuildPhase;
			buildActionMask = 2147483647;
			files = (
				992F4F231EDE63AF00F9E245 /* LaunchScreen.storyboard in Resources */,
				992F4F201EDE63AF00F9E245 /* Assets.xcassets in Resources */,
				992F4F1E1EDE63AF00F9E245 /* Main.storyboard in Resources */,
			);
			runOnlyForDeploymentPostprocessing = 0;
		};
		992F4F271EDE63AF00F9E245 /* Resources */ = {
			isa = PBXResourcesBuildPhase;
			buildActionMask = 2147483647;
			files = (
			);
			runOnlyForDeploymentPostprocessing = 0;
		};
		992F4F321EDE63AF00F9E245 /* Resources */ = {
			isa = PBXResourcesBuildPhase;
			buildActionMask = 2147483647;
			files = (
			);
			runOnlyForDeploymentPostprocessing = 0;
		};
/* End PBXResourcesBuildPhase section */

/* Begin PBXSourcesBuildPhase section */
		992F4F0C1EDE63AF00F9E245 /* Sources */ = {
			isa = PBXSourcesBuildPhase;
			buildActionMask = 2147483647;
			files = (
				992F4F1B1EDE63AF00F9E245 /* ViewController.m in Sources */,
				992F4F181EDE63AF00F9E245 /* AppDelegate.m in Sources */,
				992F4F151EDE63AF00F9E245 /* main.m in Sources */,
			);
			runOnlyForDeploymentPostprocessing = 0;
		};
		992F4F251EDE63AF00F9E245 /* Sources */ = {
			isa = PBXSourcesBuildPhase;
			buildActionMask = 2147483647;
			files = (
				992F4F2E1EDE63AF00F9E245 /* GDQ01Tests.m in Sources */,
			);
			runOnlyForDeploymentPostprocessing = 0;
		};
		992F4F301EDE63AF00F9E245 /* Sources */ = {
			isa = PBXSourcesBuildPhase;
			buildActionMask = 2147483647;
			files = (
				992F4F391EDE63AF00F9E245 /* GDQ01UITests.m in Sources */,
			);
			runOnlyForDeploymentPostprocessing = 0;
		};
/* End PBXSourcesBuildPhase section */

/* Begin PBXTargetDependency section */
		992F4F2B1EDE63AF00F9E245 /* PBXTargetDependency */ = {
			isa = PBXTargetDependency;
			target = 992F4F0F1EDE63AF00F9E245 /* GDQ01 */;
			targetProxy = 992F4F2A1EDE63AF00F9E245 /* PBXContainerItemProxy */;
		};
		992F4F361EDE63AF00F9E245 /* PBXTargetDependency */ = {
			isa = PBXTargetDependency;
			target = 992F4F0F1EDE63AF00F9E245 /* GDQ01 */;
			targetProxy = 992F4F351EDE63AF00F9E245 /* PBXContainerItemProxy */;
		};
/* End PBXTargetDependency section */

/* Begin PBXVariantGroup section */
		992F4F1C1EDE63AF00F9E245 /* Main.storyboard */ = {
			isa = PBXVariantGroup;
			children = (
				992F4F1D1EDE63AF00F9E245 /* Base */,
			);
			name = Main.storyboard;
			sourceTree = "<group>";
		};
		992F4F211EDE63AF00F9E245 /* LaunchScreen.storyboard */ = {
			isa = PBXVariantGroup;
			children = (
				992F4F221EDE63AF00F9E245 /* Base */,
			);
			name = LaunchScreen.storyboard;
			sourceTree = "<group>";
		};
/* End PBXVariantGroup section */

/* Begin XCBuildConfiguration section */
		992F4F3B1EDE63AF00F9E245 /* Debug */ = {
			isa = XCBuildConfiguration;
			buildSettings = {
				ALWAYS_SEARCH_USER_PATHS = NO;
				CLANG_ANALYZER_NONNULL = YES;
				CLANG_CXX_LANGUAGE_STANDARD = "gnu++0x";
				CLANG_CXX_LIBRARY = "libc++";
				CLANG_ENABLE_MODULES = YES;
				CLANG_ENABLE_OBJC_ARC = YES;
				CLANG_WARN_BOOL_CONVERSION = YES;
				CLANG_WARN_CONSTANT_CONVERSION = YES;
				CLANG_WARN_DIRECT_OBJC_ISA_USAGE = YES_ERROR;
				CLANG_WARN_DOCUMENTATION_COMMENTS = YES;
				CLANG_WARN_EMPTY_BODY = YES;
				CLANG_WARN_ENUM_CONVERSION = YES;
				CLANG_WARN_INFINITE_RECURSION = YES;
				CLANG_WARN_INT_CONVERSION = YES;
				CLANG_WARN_OBJC_ROOT_CLASS = YES_ERROR;
				CLANG_WARN_SUSPICIOUS_MOVE = YES;
				CLANG_WARN_UNREACHABLE_CODE = YES;
				CLANG_WARN__DUPLICATE_METHOD_MATCH = YES;
				"CODE_SIGN_IDENTITY[sdk=iphoneos*]" = "iPhone Developer";
				COPY_PHASE_STRIP = NO;
				DEBUG_INFORMATION_FORMAT = dwarf;
				ENABLE_STRICT_OBJC_MSGSEND = YES;
				ENABLE_TESTABILITY = YES;
				GCC_C_LANGUAGE_STANDARD = gnu99;
				GCC_DYNAMIC_NO_PIC = NO;
				GCC_NO_COMMON_BLOCKS = YES;
				GCC_OPTIMIZATION_LEVEL = 0;
				GCC_PREPROCESSOR_DEFINITIONS = (
					"DEBUG=1",
					"$(inherited)",
				);
				GCC_WARN_64_TO_32_BIT_CONVERSION = YES;
				GCC_WARN_ABOUT_RETURN_TYPE = YES_ERROR;
				GCC_WARN_UNDECLARED_SELECTOR = YES;
				GCC_WARN_UNINITIALIZED_AUTOS = YES_AGGRESSIVE;
				GCC_WARN_UNUSED_FUNCTION = YES;
				GCC_WARN_UNUSED_VARIABLE = YES;
				IPHONEOS_DEPLOYMENT_TARGET = 10.2;
				MTL_ENABLE_DEBUG_INFO = YES;
				ONLY_ACTIVE_ARCH = YES;
				SDKROOT = iphoneos;
				TARGETED_DEVICE_FAMILY = "1,2";
			};
			name = Debug;
		};
		992F4F3C1EDE63AF00F9E245 /* Release */ = {
			isa = XCBuildConfiguration;
			buildSettings = {
				ALWAYS_SEARCH_USER_PATHS = NO;
				CLANG_ANALYZER_NONNULL = YES;
				CLANG_CXX_LANGUAGE_STANDARD = "gnu++0x";
				CLANG_CXX_LIBRARY = "libc++";
				CLANG_ENABLE_MODULES = YES;
				CLANG_ENABLE_OBJC_ARC = YES;
				CLANG_WARN_BOOL_CONVERSION = YES;
				CLANG_WARN_CONSTANT_CONVERSION = YES;
				CLANG_WARN_DIRECT_OBJC_ISA_USAGE = YES_ERROR;
				CLANG_WARN_DOCUMENTATION_COMMENTS = YES;
				CLANG_WARN_EMPTY_BODY = YES;
				CLANG_WARN_ENUM_CONVERSION = YES;
				CLANG_WARN_INFINITE_RECURSION = YES;
				CLANG_WARN_INT_CONVERSION = YES;
				CLANG_WARN_OBJC_ROOT_CLASS = YES_ERROR;
				CLANG_WARN_SUSPICIOUS_MOVE = YES;
				CLANG_WARN_UNREACHABLE_CODE = YES;
				CLANG_WARN__DUPLICATE_METHOD_MATCH = YES;
				"CODE_SIGN_IDENTITY[sdk=iphoneos*]" = "iPhone Developer";
				COPY_PHASE_STRIP = NO;
				DEBUG_INFORMATION_FORMAT = "dwarf-with-dsym";
				ENABLE_NS_ASSERTIONS = NO;
				ENABLE_STRICT_OBJC_MSGSEND = YES;
				GCC_C_LANGUAGE_STANDARD = gnu99;
				GCC_NO_COMMON_BLOCKS = YES;
				GCC_WARN_64_TO_32_BIT_CONVERSION = YES;
				GCC_WARN_ABOUT_RETURN_TYPE = YES_ERROR;
				GCC_WARN_UNDECLARED_SELECTOR = YES;
				GCC_WARN_UNINITIALIZED_AUTOS = YES_AGGRESSIVE;
				GCC_WARN_UNUSED_FUNCTION = YES;
				GCC_WARN_UNUSED_VARIABLE = YES;
				IPHONEOS_DEPLOYMENT_TARGET = 10.2;
				MTL_ENABLE_DEBUG_INFO = NO;
				SDKROOT = iphoneos;
				TARGETED_DEVICE_FAMILY = "1,2";
				VALIDATE_PRODUCT = YES;
			};
			name = Release;
		};
		992F4F3E1EDE63AF00F9E245 /* Debug */ = {
			isa = XCBuildConfiguration;
			buildSettings = {
				ASSETCATALOG_COMPILER_APPICON_NAME = AppIcon;
				INFOPLIST_FILE = GDQ01/Info.plist;
				LD_RUNPATH_SEARCH_PATHS = "$(inherited) @executable_path/Frameworks";
				PRODUCT_BUNDLE_IDENTIFIER = com.GDQ01;
				PRODUCT_NAME = "$(TARGET_NAME)";
			};
			name = Debug;
		};
		992F4F3F1EDE63AF00F9E245 /* Release */ = {
			isa = XCBuildConfiguration;
			buildSettings = {
				ASSETCATALOG_COMPILER_APPICON_NAME = AppIcon;
				INFOPLIST_FILE = GDQ01/Info.plist;
				LD_RUNPATH_SEARCH_PATHS = "$(inherited) @executable_path/Frameworks";
				PRODUCT_BUNDLE_IDENTIFIER = com.GDQ01;
				PRODUCT_NAME = "$(TARGET_NAME)";
			};
			name = Release;
		};
		992F4F411EDE63AF00F9E245 /* Debug */ = {
			isa = XCBuildConfiguration;
			buildSettings = {
				BUNDLE_LOADER = "$(TEST_HOST)";
				INFOPLIST_FILE = GDQ01Tests/Info.plist;
				LD_RUNPATH_SEARCH_PATHS = "$(inherited) @executable_path/Frameworks @loader_path/Frameworks";
				PRODUCT_BUNDLE_IDENTIFIER = com.GDQ01Tests;
				PRODUCT_NAME = "$(TARGET_NAME)";
				TEST_HOST = "$(BUILT_PRODUCTS_DIR)/GDQ01.app/GDQ01";
			};
			name = Debug;
		};
		992F4F421EDE63AF00F9E245 /* Release */ = {
			isa = XCBuildConfiguration;
			buildSettings = {
				BUNDLE_LOADER = "$(TEST_HOST)";
				INFOPLIST_FILE = GDQ01Tests/Info.plist;
				LD_RUNPATH_SEARCH_PATHS = "$(inherited) @executable_path/Frameworks @loader_path/Frameworks";
				PRODUCT_BUNDLE_IDENTIFIER = com.GDQ01Tests;
				PRODUCT_NAME = "$(TARGET_NAME)";
				TEST_HOST = "$(BUILT_PRODUCTS_DIR)/GDQ01.app/GDQ01";
			};
			name = Release;
		};
		992F4F441EDE63AF00F9E245 /* Debug */ = {
			isa = XCBuildConfiguration;
			buildSettings = {
				INFOPLIST_FILE = GDQ01UITests/Info.plist;
				LD_RUNPATH_SEARCH_PATHS = "$(inherited) @executable_path/Frameworks @loader_path/Frameworks";
				PRODUCT_BUNDLE_IDENTIFIER = com.GDQ01UITests;
				PRODUCT_NAME = "$(TARGET_NAME)";
				TEST_TARGET_NAME = GDQ01;
			};
			name = Debug;
		};
		992F4F451EDE63AF00F9E245 /* Release */ = {
			isa = XCBuildConfiguration;
			buildSettings = {
				INFOPLIST_FILE = GDQ01UITests/Info.plist;
				LD_RUNPATH_SEARCH_PATHS = "$(inherited) @executable_path/Frameworks @loader_path/Frameworks";
				PRODUCT_BUNDLE_IDENTIFIER = com.GDQ01UITests;
				PRODUCT_NAME = "$(TARGET_NAME)";
				TEST_TARGET_NAME = GDQ01;
			};
			name = Release;
		};
/* End XCBuildConfiguration section */

/* Begin XCConfigurationList section */
		992F4F0B1EDE63AF00F9E245 /* Build configuration list for PBXProject "GDQ01" */ = {
			isa = XCConfigurationList;
			buildConfigurations = (
				992F4F3B1EDE63AF00F9E245 /* Debug */,
				992F4F3C1EDE63AF00F9E245 /* Release */,
			);
			defaultConfigurationIsVisible = 0;
			defaultConfigurationName = Release;
		};
		992F4F3D1EDE63AF00F9E245 /* Build configuration list for PBXNativeTarget "GDQ01" */ = {
			isa = XCConfigurationList;
			buildConfigurations = (
				992F4F3E1EDE63AF00F9E245 /* Debug */,
				992F4F3F1EDE63AF00F9E245 /* Release */,
			);
			defaultConfigurationIsVisible = 0;
		};
		992F4F401EDE63AF00F9E245 /* Build configuration list for PBXNativeTarget "GDQ01Tests" */ = {
			isa = XCConfigurationList;
			buildConfigurations = (
				992F4F411EDE63AF00F9E245 /* Debug */,
				992F4F421EDE63AF00F9E245 /* Release */,
			);
			defaultConfigurationIsVisible = 0;
		};
		992F4F431EDE63AF00F9E245 /* Build configuration list for PBXNativeTarget "GDQ01UITests" */ = {
			isa = XCConfigurationList;
			buildConfigurations = (
				992F4F441EDE63AF00F9E245 /* Debug */,
				992F4F451EDE63AF00F9E245 /* Release */,
			);
			defaultConfigurationIsVisible = 0;
		};
/* End XCConfigurationList section */
	};
	rootObject = 992F4F081EDE63AF00F9E245 /* Project object */;
}
